// !$*UTF8*$!
{
	archiveVersion = 1;
	classes = {
	};
	objectVersion = 52;
	objects = {

/* Begin PBXBuildFile section */
		11850A42B9A0494D21D44646 /* Pods_ValoStats.framework in Frameworks */ = {isa = PBXBuildFile; fileRef = C510872043C2A49EBDD90B6F /* Pods_ValoStats.framework */; };
		291E9081260D3E180062E4CF /* AppDelegate.swift in Sources */ = {isa = PBXBuildFile; fileRef = 291E9080260D3E180062E4CF /* AppDelegate.swift */; };
		291E9083260D3E180062E4CF /* SceneDelegate.swift in Sources */ = {isa = PBXBuildFile; fileRef = 291E9082260D3E180062E4CF /* SceneDelegate.swift */; };
		291E9088260D3E180062E4CF /* Main.storyboard in Resources */ = {isa = PBXBuildFile; fileRef = 291E9086260D3E180062E4CF /* Main.storyboard */; };
		291E908A260D3E1D0062E4CF /* Assets.xcassets in Resources */ = {isa = PBXBuildFile; fileRef = 291E9089260D3E1D0062E4CF /* Assets.xcassets */; };
		291E908D260D3E1D0062E4CF /* LaunchScreen.storyboard in Resources */ = {isa = PBXBuildFile; fileRef = 291E908B260D3E1D0062E4CF /* LaunchScreen.storyboard */; };
		291E9098260D3E1D0062E4CF /* ValoStatsTests.swift in Sources */ = {isa = PBXBuildFile; fileRef = 291E9097260D3E1D0062E4CF /* ValoStatsTests.swift */; };
		291E90A3260D3E1D0062E4CF /* ValoStatsUITests.swift in Sources */ = {isa = PBXBuildFile; fileRef = 291E90A2260D3E1D0062E4CF /* ValoStatsUITests.swift */; };
		2978E4EB2630B2A3003C38DB /* ApiCaller.swift in Sources */ = {isa = PBXBuildFile; fileRef = 2978E4EA2630B2A3003C38DB /* ApiCaller.swift */; };
		29B416022639EE7400074BA7 /* BuildFile in Frameworks */ = {isa = PBXBuildFile; productRef = 29B416012639EE7400074BA7 /* SwiftPackageProductDependency */; };
		87C525F2845AF8EE0D86A9B7 /* Pods_ValoStats_ValoStatsUITests.framework in Frameworks */ = {isa = PBXBuildFile; fileRef = 426A8346FC5D942FFB139463 /* Pods_ValoStats_ValoStatsUITests.framework */; };
		9F524D0126320B2C001CDCA8 /* LoginViewController.swift in Sources */ = {isa = PBXBuildFile; fileRef = 9F524D0026320B2C001CDCA8 /* LoginViewController.swift */; };
		FE1EA026343731707C757EF7 /* Pods_ValoStatsTests.framework in Frameworks */ = {isa = PBXBuildFile; fileRef = 64782C34040F3042AEC52454 /* Pods_ValoStatsTests.framework */; };
/* End PBXBuildFile section */

/* Begin PBXContainerItemProxy section */
		291E9094260D3E1D0062E4CF /* PBXContainerItemProxy */ = {
			isa = PBXContainerItemProxy;
			containerPortal = 291E9075260D3E170062E4CF /* Project object */;
			proxyType = 1;
			remoteGlobalIDString = 291E907C260D3E180062E4CF;
			remoteInfo = ValoStats;
		};
		291E909F260D3E1D0062E4CF /* PBXContainerItemProxy */ = {
			isa = PBXContainerItemProxy;
			containerPortal = 291E9075260D3E170062E4CF /* Project object */;
			proxyType = 1;
			remoteGlobalIDString = 291E907C260D3E180062E4CF;
			remoteInfo = ValoStats;
		};
/* End PBXContainerItemProxy section */

/* Begin PBXFileReference section */
		2193EAF3FCBDA3CE96E5DBE1 /* Pods-ValoStats.debug.xcconfig */ = {isa = PBXFileReference; includeInIndex = 1; lastKnownFileType = text.xcconfig; name = "Pods-ValoStats.debug.xcconfig"; path = "Target Support Files/Pods-ValoStats/Pods-ValoStats.debug.xcconfig"; sourceTree = "<group>"; };
		291E907D260D3E180062E4CF /* ValoStats.app */ = {isa = PBXFileReference; explicitFileType = wrapper.application; includeInIndex = 0; path = ValoStats.app; sourceTree = BUILT_PRODUCTS_DIR; };
		291E9080260D3E180062E4CF /* AppDelegate.swift */ = {isa = PBXFileReference; lastKnownFileType = sourcecode.swift; path = AppDelegate.swift; sourceTree = "<group>"; };
		291E9082260D3E180062E4CF /* SceneDelegate.swift */ = {isa = PBXFileReference; lastKnownFileType = sourcecode.swift; path = SceneDelegate.swift; sourceTree = "<group>"; };
		291E9087260D3E180062E4CF /* Base */ = {isa = PBXFileReference; lastKnownFileType = file.storyboard; name = Base; path = Base.lproj/Main.storyboard; sourceTree = "<group>"; };
		291E9089260D3E1D0062E4CF /* Assets.xcassets */ = {isa = PBXFileReference; lastKnownFileType = folder.assetcatalog; path = Assets.xcassets; sourceTree = "<group>"; };
		291E908C260D3E1D0062E4CF /* Base */ = {isa = PBXFileReference; lastKnownFileType = file.storyboard; name = Base; path = Base.lproj/LaunchScreen.storyboard; sourceTree = "<group>"; };
		291E908E260D3E1D0062E4CF /* Info.plist */ = {isa = PBXFileReference; lastKnownFileType = text.plist.xml; path = Info.plist; sourceTree = "<group>"; };
		291E9093260D3E1D0062E4CF /* ValoStatsTests.xctest */ = {isa = PBXFileReference; explicitFileType = wrapper.cfbundle; includeInIndex = 0; path = ValoStatsTests.xctest; sourceTree = BUILT_PRODUCTS_DIR; };
		291E9097260D3E1D0062E4CF /* ValoStatsTests.swift */ = {isa = PBXFileReference; lastKnownFileType = sourcecode.swift; path = ValoStatsTests.swift; sourceTree = "<group>"; };
		291E9099260D3E1D0062E4CF /* Info.plist */ = {isa = PBXFileReference; lastKnownFileType = text.plist.xml; path = Info.plist; sourceTree = "<group>"; };
		291E909E260D3E1D0062E4CF /* ValoStatsUITests.xctest */ = {isa = PBXFileReference; explicitFileType = wrapper.cfbundle; includeInIndex = 0; path = ValoStatsUITests.xctest; sourceTree = BUILT_PRODUCTS_DIR; };
		291E90A2260D3E1D0062E4CF /* ValoStatsUITests.swift */ = {isa = PBXFileReference; lastKnownFileType = sourcecode.swift; path = ValoStatsUITests.swift; sourceTree = "<group>"; };
		291E90A4260D3E1D0062E4CF /* Info.plist */ = {isa = PBXFileReference; lastKnownFileType = text.plist.xml; path = Info.plist; sourceTree = "<group>"; };
		2978E4EA2630B2A3003C38DB /* ApiCaller.swift */ = {isa = PBXFileReference; lastKnownFileType = sourcecode.swift; path = ApiCaller.swift; sourceTree = "<group>"; };
		41CA959E1FFBE3315C1FB480 /* Pods-ValoStatsTests.debug.xcconfig */ = {isa = PBXFileReference; includeInIndex = 1; lastKnownFileType = text.xcconfig; name = "Pods-ValoStatsTests.debug.xcconfig"; path = "Target Support Files/Pods-ValoStatsTests/Pods-ValoStatsTests.debug.xcconfig"; sourceTree = "<group>"; };
		426A8346FC5D942FFB139463 /* Pods_ValoStats_ValoStatsUITests.framework */ = {isa = PBXFileReference; explicitFileType = wrapper.framework; includeInIndex = 0; path = Pods_ValoStats_ValoStatsUITests.framework; sourceTree = BUILT_PRODUCTS_DIR; };
		5299E4B18FB66DA074687699 /* Pods-ValoStats-ValoStatsUITests.release.xcconfig */ = {isa = PBXFileReference; includeInIndex = 1; lastKnownFileType = text.xcconfig; name = "Pods-ValoStats-ValoStatsUITests.release.xcconfig"; path = "Target Support Files/Pods-ValoStats-ValoStatsUITests/Pods-ValoStats-ValoStatsUITests.release.xcconfig"; sourceTree = "<group>"; };
		64782C34040F3042AEC52454 /* Pods_ValoStatsTests.framework */ = {isa = PBXFileReference; explicitFileType = wrapper.framework; includeInIndex = 0; path = Pods_ValoStatsTests.framework; sourceTree = BUILT_PRODUCTS_DIR; };
		9F524D0026320B2C001CDCA8 /* LoginViewController.swift */ = {isa = PBXFileReference; lastKnownFileType = sourcecode.swift; path = LoginViewController.swift; sourceTree = "<group>"; };
		A80829F7DCD49E2CEA36C55F /* Pods-ValoStats.release.xcconfig */ = {isa = PBXFileReference; includeInIndex = 1; lastKnownFileType = text.xcconfig; name = "Pods-ValoStats.release.xcconfig"; path = "Target Support Files/Pods-ValoStats/Pods-ValoStats.release.xcconfig"; sourceTree = "<group>"; };
		AAF8BB325AAD47C1A308FD72 /* Pods-ValoStatsTests.release.xcconfig */ = {isa = PBXFileReference; includeInIndex = 1; lastKnownFileType = text.xcconfig; name = "Pods-ValoStatsTests.release.xcconfig"; path = "Target Support Files/Pods-ValoStatsTests/Pods-ValoStatsTests.release.xcconfig"; sourceTree = "<group>"; };
		C510872043C2A49EBDD90B6F /* Pods_ValoStats.framework */ = {isa = PBXFileReference; explicitFileType = wrapper.framework; includeInIndex = 0; path = Pods_ValoStats.framework; sourceTree = BUILT_PRODUCTS_DIR; };
		D44D1F22D637A637797BEC16 /* Pods-ValoStats-ValoStatsUITests.debug.xcconfig */ = {isa = PBXFileReference; includeInIndex = 1; lastKnownFileType = text.xcconfig; name = "Pods-ValoStats-ValoStatsUITests.debug.xcconfig"; path = "Target Support Files/Pods-ValoStats-ValoStatsUITests/Pods-ValoStats-ValoStatsUITests.debug.xcconfig"; sourceTree = "<group>"; };
/* End PBXFileReference section */

/* Begin PBXFrameworksBuildPhase section */
		291E907A260D3E180062E4CF /* Frameworks */ = {
			isa = PBXFrameworksBuildPhase;
			buildActionMask = 2147483647;
			files = (
				29B416022639EE7400074BA7 /* BuildFile in Frameworks */,
				11850A42B9A0494D21D44646 /* Pods_ValoStats.framework in Frameworks */,
			);
			runOnlyForDeploymentPostprocessing = 0;
		};
		291E9090260D3E1D0062E4CF /* Frameworks */ = {
			isa = PBXFrameworksBuildPhase;
			buildActionMask = 2147483647;
			files = (
				FE1EA026343731707C757EF7 /* Pods_ValoStatsTests.framework in Frameworks */,
			);
			runOnlyForDeploymentPostprocessing = 0;
		};
		291E909B260D3E1D0062E4CF /* Frameworks */ = {
			isa = PBXFrameworksBuildPhase;
			buildActionMask = 2147483647;
			files = (
				87C525F2845AF8EE0D86A9B7 /* Pods_ValoStats_ValoStatsUITests.framework in Frameworks */,
			);
			runOnlyForDeploymentPostprocessing = 0;
		};
/* End PBXFrameworksBuildPhase section */

/* Begin PBXGroup section */
		291E9074260D3E170062E4CF = {
			isa = PBXGroup;
			children = (
				291E907F260D3E180062E4CF /* ValoStats */,
				291E9096260D3E1D0062E4CF /* ValoStatsTests */,
				291E90A1260D3E1D0062E4CF /* ValoStatsUITests */,
				291E907E260D3E180062E4CF /* Products */,
				29B415FC2639E93A00074BA7 /* Recovered References */,
				E17CF54246B91502B6F4CE69 /* Pods */,
				65D9930C0F84E44AEAEB2CDC /* Frameworks */,
			);
			sourceTree = "<group>";
		};
		291E907E260D3E180062E4CF /* Products */ = {
			isa = PBXGroup;
			children = (
				291E907D260D3E180062E4CF /* ValoStats.app */,
				291E9093260D3E1D0062E4CF /* ValoStatsTests.xctest */,
				291E909E260D3E1D0062E4CF /* ValoStatsUITests.xctest */,
			);
			name = Products;
			sourceTree = "<group>";
		};
		291E907F260D3E180062E4CF /* ValoStats */ = {
			isa = PBXGroup;
			children = (
				291E9080260D3E180062E4CF /* AppDelegate.swift */,
				291E9082260D3E180062E4CF /* SceneDelegate.swift */,
				291E9086260D3E180062E4CF /* Main.storyboard */,
				291E9089260D3E1D0062E4CF /* Assets.xcassets */,
				291E908B260D3E1D0062E4CF /* LaunchScreen.storyboard */,
				291E908E260D3E1D0062E4CF /* Info.plist */,
				9F524D0026320B2C001CDCA8 /* LoginViewController.swift */,
			);
			path = ValoStats;
			sourceTree = "<group>";
		};
		291E9096260D3E1D0062E4CF /* ValoStatsTests */ = {
			isa = PBXGroup;
			children = (
				291E9097260D3E1D0062E4CF /* ValoStatsTests.swift */,
				291E9099260D3E1D0062E4CF /* Info.plist */,
			);
			path = ValoStatsTests;
			sourceTree = "<group>";
		};
		291E90A1260D3E1D0062E4CF /* ValoStatsUITests */ = {
			isa = PBXGroup;
			children = (
				291E90A2260D3E1D0062E4CF /* ValoStatsUITests.swift */,
				291E90A4260D3E1D0062E4CF /* Info.plist */,
			);
			path = ValoStatsUITests;
			sourceTree = "<group>";
		};
		29B415FC2639E93A00074BA7 /* Recovered References */ = {
			isa = PBXGroup;
			children = (
				2978E4EA2630B2A3003C38DB /* ApiCaller.swift */,
			);
			name = "Recovered References";
			sourceTree = "<group>";
		};
		65D9930C0F84E44AEAEB2CDC /* Frameworks */ = {
			isa = PBXGroup;
			children = (
				C510872043C2A49EBDD90B6F /* Pods_ValoStats.framework */,
				426A8346FC5D942FFB139463 /* Pods_ValoStats_ValoStatsUITests.framework */,
				64782C34040F3042AEC52454 /* Pods_ValoStatsTests.framework */,
			);
			name = Frameworks;
			sourceTree = "<group>";
		};
		E17CF54246B91502B6F4CE69 /* Pods */ = {
			isa = PBXGroup;
			children = (
				2193EAF3FCBDA3CE96E5DBE1 /* Pods-ValoStats.debug.xcconfig */,
				A80829F7DCD49E2CEA36C55F /* Pods-ValoStats.release.xcconfig */,
				D44D1F22D637A637797BEC16 /* Pods-ValoStats-ValoStatsUITests.debug.xcconfig */,
				5299E4B18FB66DA074687699 /* Pods-ValoStats-ValoStatsUITests.release.xcconfig */,
				41CA959E1FFBE3315C1FB480 /* Pods-ValoStatsTests.debug.xcconfig */,
				AAF8BB325AAD47C1A308FD72 /* Pods-ValoStatsTests.release.xcconfig */,
			);
			name = Pods;
			path = Pods;
			sourceTree = "<group>";
		};
/* End PBXGroup section */

/* Begin PBXNativeTarget section */
		291E907C260D3E180062E4CF /* ValoStats */ = {
			isa = PBXNativeTarget;
			buildConfigurationList = 291E90A7260D3E1D0062E4CF /* Build configuration list for PBXNativeTarget "ValoStats" */;
			buildPhases = (
				34E8A0ACD47D914323C79AE9 /* [CP] Check Pods Manifest.lock */,
				291E9079260D3E180062E4CF /* Sources */,
				291E907A260D3E180062E4CF /* Frameworks */,
				291E907B260D3E180062E4CF /* Resources */,
				683343A89961A6DF2D1B3DF9 /* [CP] Embed Pods Frameworks */,
			);
			buildRules = (
			);
			dependencies = (
			);
			name = ValoStats;
			packageProductDependencies = (
				29B416012639EE7400074BA7 /* SwiftPackageProductDependency */,
			);
			productName = ValoStats;
			productReference = 291E907D260D3E180062E4CF /* ValoStats.app */;
			productType = "com.apple.product-type.application";
		};
		291E9092260D3E1D0062E4CF /* ValoStatsTests */ = {
			isa = PBXNativeTarget;
			buildConfigurationList = 291E90AA260D3E1D0062E4CF /* Build configuration list for PBXNativeTarget "ValoStatsTests" */;
			buildPhases = (
				F7B17E28DC5AA063019AEC20 /* [CP] Check Pods Manifest.lock */,
				291E908F260D3E1D0062E4CF /* Sources */,
				291E9090260D3E1D0062E4CF /* Frameworks */,
				291E9091260D3E1D0062E4CF /* Resources */,
			);
			buildRules = (
			);
			dependencies = (
				291E9095260D3E1D0062E4CF /* PBXTargetDependency */,
			);
			name = ValoStatsTests;
			productName = ValoStatsTests;
			productReference = 291E9093260D3E1D0062E4CF /* ValoStatsTests.xctest */;
			productType = "com.apple.product-type.bundle.unit-test";
		};
		291E909D260D3E1D0062E4CF /* ValoStatsUITests */ = {
			isa = PBXNativeTarget;
			buildConfigurationList = 291E90AD260D3E1D0062E4CF /* Build configuration list for PBXNativeTarget "ValoStatsUITests" */;
			buildPhases = (
				75AC172EFD643A1B43531FC4 /* [CP] Check Pods Manifest.lock */,
				291E909A260D3E1D0062E4CF /* Sources */,
				291E909B260D3E1D0062E4CF /* Frameworks */,
				291E909C260D3E1D0062E4CF /* Resources */,
				B8A05F7AD89742CC4FFE4BF2 /* [CP] Embed Pods Frameworks */,
			);
			buildRules = (
			);
			dependencies = (
				291E90A0260D3E1D0062E4CF /* PBXTargetDependency */,
			);
			name = ValoStatsUITests;
			productName = ValoStatsUITests;
			productReference = 291E909E260D3E1D0062E4CF /* ValoStatsUITests.xctest */;
			productType = "com.apple.product-type.bundle.ui-testing";
		};
/* End PBXNativeTarget section */

/* Begin PBXProject section */
		291E9075260D3E170062E4CF /* Project object */ = {
			isa = PBXProject;
			attributes = {
				LastSwiftUpdateCheck = 1240;
				LastUpgradeCheck = 1240;
				TargetAttributes = {
					291E907C260D3E180062E4CF = {
						CreatedOnToolsVersion = 12.4;
					};
					291E9092260D3E1D0062E4CF = {
						CreatedOnToolsVersion = 12.4;
						TestTargetID = 291E907C260D3E180062E4CF;
					};
					291E909D260D3E1D0062E4CF = {
						CreatedOnToolsVersion = 12.4;
						TestTargetID = 291E907C260D3E180062E4CF;
					};
				};
			};
			buildConfigurationList = 291E9078260D3E170062E4CF /* Build configuration list for PBXProject "ValoStats" */;
			compatibilityVersion = "Xcode 9.3";
			developmentRegion = en;
			hasScannedForEncodings = 0;
			knownRegions = (
				en,
				Base,
			);
			mainGroup = 291E9074260D3E170062E4CF;
			packageReferences = (
				29B416002639EE7400074BA7 /* RemoteSwiftPackageReference */,
			);
			productRefGroup = 291E907E260D3E180062E4CF /* Products */;
			projectDirPath = "";
			projectRoot = "";
			targets = (
				291E907C260D3E180062E4CF /* ValoStats */,
				291E9092260D3E1D0062E4CF /* ValoStatsTests */,
				291E909D260D3E1D0062E4CF /* ValoStatsUITests */,
			);
		};
/* End PBXProject section */

/* Begin PBXResourcesBuildPhase section */
		291E907B260D3E180062E4CF /* Resources */ = {
			isa = PBXResourcesBuildPhase;
			buildActionMask = 2147483647;
			files = (
				291E908D260D3E1D0062E4CF /* LaunchScreen.storyboard in Resources */,
				291E908A260D3E1D0062E4CF /* Assets.xcassets in Resources */,
				291E9088260D3E180062E4CF /* Main.storyboard in Resources */,
			);
			runOnlyForDeploymentPostprocessing = 0;
		};
		291E9091260D3E1D0062E4CF /* Resources */ = {
			isa = PBXResourcesBuildPhase;
			buildActionMask = 2147483647;
			files = (
			);
			runOnlyForDeploymentPostprocessing = 0;
		};
		291E909C260D3E1D0062E4CF /* Resources */ = {
			isa = PBXResourcesBuildPhase;
			buildActionMask = 2147483647;
			files = (
			);
			runOnlyForDeploymentPostprocessing = 0;
		};
/* End PBXResourcesBuildPhase section */

/* Begin PBXShellScriptBuildPhase section */
		34E8A0ACD47D914323C79AE9 /* [CP] Check Pods Manifest.lock */ = {
			isa = PBXShellScriptBuildPhase;
			buildActionMask = 2147483647;
			files = (
			);
			inputFileListPaths = (
			);
			inputPaths = (
				"${PODS_PODFILE_DIR_PATH}/Podfile.lock",
				"${PODS_ROOT}/Manifest.lock",
			);
			name = "[CP] Check Pods Manifest.lock";
			outputFileListPaths = (
			);
			outputPaths = (
				"$(DERIVED_FILE_DIR)/Pods-ValoStats-checkManifestLockResult.txt",
			);
			runOnlyForDeploymentPostprocessing = 0;
			shellPath = /bin/sh;
			shellScript = "diff \"${PODS_PODFILE_DIR_PATH}/Podfile.lock\" \"${PODS_ROOT}/Manifest.lock\" > /dev/null\nif [ $? != 0 ] ; then\n    # print error to STDERR\n    echo \"error: The sandbox is not in sync with the Podfile.lock. Run 'pod install' or update your CocoaPods installation.\" >&2\n    exit 1\nfi\n# This output is used by Xcode 'outputs' to avoid re-running this script phase.\necho \"SUCCESS\" > \"${SCRIPT_OUTPUT_FILE_0}\"\n";
			showEnvVarsInLog = 0;
		};
		683343A89961A6DF2D1B3DF9 /* [CP] Embed Pods Frameworks */ = {
			isa = PBXShellScriptBuildPhase;
			buildActionMask = 2147483647;
			files = (
			);
			inputFileListPaths = (
				"${PODS_ROOT}/Target Support Files/Pods-ValoStats/Pods-ValoStats-frameworks-${CONFIGURATION}-input-files.xcfilelist",
			);
			name = "[CP] Embed Pods Frameworks";
			outputFileListPaths = (
				"${PODS_ROOT}/Target Support Files/Pods-ValoStats/Pods-ValoStats-frameworks-${CONFIGURATION}-output-files.xcfilelist",
			);
			runOnlyForDeploymentPostprocessing = 0;
			shellPath = /bin/sh;
			shellScript = "\"${PODS_ROOT}/Target Support Files/Pods-ValoStats/Pods-ValoStats-frameworks.sh\"\n";
			showEnvVarsInLog = 0;
		};
		75AC172EFD643A1B43531FC4 /* [CP] Check Pods Manifest.lock */ = {
			isa = PBXShellScriptBuildPhase;
			buildActionMask = 2147483647;
			files = (
			);
			inputFileListPaths = (
			);
			inputPaths = (
				"${PODS_PODFILE_DIR_PATH}/Podfile.lock",
				"${PODS_ROOT}/Manifest.lock",
			);
			name = "[CP] Check Pods Manifest.lock";
			outputFileListPaths = (
			);
			outputPaths = (
				"$(DERIVED_FILE_DIR)/Pods-ValoStats-ValoStatsUITests-checkManifestLockResult.txt",
			);
			runOnlyForDeploymentPostprocessing = 0;
			shellPath = /bin/sh;
			shellScript = "diff \"${PODS_PODFILE_DIR_PATH}/Podfile.lock\" \"${PODS_ROOT}/Manifest.lock\" > /dev/null\nif [ $? != 0 ] ; then\n    # print error to STDERR\n    echo \"error: The sandbox is not in sync with the Podfile.lock. Run 'pod install' or update your CocoaPods installation.\" >&2\n    exit 1\nfi\n# This output is used by Xcode 'outputs' to avoid re-running this script phase.\necho \"SUCCESS\" > \"${SCRIPT_OUTPUT_FILE_0}\"\n";
			showEnvVarsInLog = 0;
		};
		B8A05F7AD89742CC4FFE4BF2 /* [CP] Embed Pods Frameworks */ = {
			isa = PBXShellScriptBuildPhase;
			buildActionMask = 2147483647;
			files = (
			);
			inputFileListPaths = (
				"${PODS_ROOT}/Target Support Files/Pods-ValoStats-ValoStatsUITests/Pods-ValoStats-ValoStatsUITests-frameworks-${CONFIGURATION}-input-files.xcfilelist",
			);
			name = "[CP] Embed Pods Frameworks";
			outputFileListPaths = (
				"${PODS_ROOT}/Target Support Files/Pods-ValoStats-ValoStatsUITests/Pods-ValoStats-ValoStatsUITests-frameworks-${CONFIGURATION}-output-files.xcfilelist",
			);
			runOnlyForDeploymentPostprocessing = 0;
			shellPath = /bin/sh;
			shellScript = "\"${PODS_ROOT}/Target Support Files/Pods-ValoStats-ValoStatsUITests/Pods-ValoStats-ValoStatsUITests-frameworks.sh\"\n";
			showEnvVarsInLog = 0;
		};
		F7B17E28DC5AA063019AEC20 /* [CP] Check Pods Manifest.lock */ = {
			isa = PBXShellScriptBuildPhase;
			buildActionMask = 2147483647;
			files = (
			);
			inputFileListPaths = (
			);
			inputPaths = (
				"${PODS_PODFILE_DIR_PATH}/Podfile.lock",
				"${PODS_ROOT}/Manifest.lock",
			);
			name = "[CP] Check Pods Manifest.lock";
			outputFileListPaths = (
			);
			outputPaths = (
				"$(DERIVED_FILE_DIR)/Pods-ValoStatsTests-checkManifestLockResult.txt",
			);
			runOnlyForDeploymentPostprocessing = 0;
			shellPath = /bin/sh;
			shellScript = "diff \"${PODS_PODFILE_DIR_PATH}/Podfile.lock\" \"${PODS_ROOT}/Manifest.lock\" > /dev/null\nif [ $? != 0 ] ; then\n    # print error to STDERR\n    echo \"error: The sandbox is not in sync with the Podfile.lock. Run 'pod install' or update your CocoaPods installation.\" >&2\n    exit 1\nfi\n# This output is used by Xcode 'outputs' to avoid re-running this script phase.\necho \"SUCCESS\" > \"${SCRIPT_OUTPUT_FILE_0}\"\n";
			showEnvVarsInLog = 0;
		};
/* End PBXShellScriptBuildPhase section */

/* Begin PBXSourcesBuildPhase section */
		291E9079260D3E180062E4CF /* Sources */ = {
			isa = PBXSourcesBuildPhase;
			buildActionMask = 2147483647;
			files = (
				9F524D0126320B2C001CDCA8 /* LoginViewController.swift in Sources */,
				291E9081260D3E180062E4CF /* AppDelegate.swift in Sources */,
				291E9083260D3E180062E4CF /* SceneDelegate.swift in Sources */,
				2978E4EB2630B2A3003C38DB /* ApiCaller.swift in Sources */,
			);
			runOnlyForDeploymentPostprocessing = 0;
		};
		291E908F260D3E1D0062E4CF /* Sources */ = {
			isa = PBXSourcesBuildPhase;
			buildActionMask = 2147483647;
			files = (
				291E9098260D3E1D0062E4CF /* ValoStatsTests.swift in Sources */,
			);
			runOnlyForDeploymentPostprocessing = 0;
		};
		291E909A260D3E1D0062E4CF /* Sources */ = {
			isa = PBXSourcesBuildPhase;
			buildActionMask = 2147483647;
			files = (
				291E90A3260D3E1D0062E4CF /* ValoStatsUITests.swift in Sources */,
			);
			runOnlyForDeploymentPostprocessing = 0;
		};
/* End PBXSourcesBuildPhase section */

/* Begin PBXTargetDependency section */
		291E9095260D3E1D0062E4CF /* PBXTargetDependency */ = {
			isa = PBXTargetDependency;
			target = 291E907C260D3E180062E4CF /* ValoStats */;
			targetProxy = 291E9094260D3E1D0062E4CF /* PBXContainerItemProxy */;
		};
		291E90A0260D3E1D0062E4CF /* PBXTargetDependency */ = {
			isa = PBXTargetDependency;
			target = 291E907C260D3E180062E4CF /* ValoStats */;
			targetProxy = 291E909F260D3E1D0062E4CF /* PBXContainerItemProxy */;
		};
/* End PBXTargetDependency section */

/* Begin PBXVariantGroup section */
		291E9086260D3E180062E4CF /* Main.storyboard */ = {
			isa = PBXVariantGroup;
			children = (
				291E9087260D3E180062E4CF /* Base */,
			);
			name = Main.storyboard;
			sourceTree = "<group>";
		};
		291E908B260D3E1D0062E4CF /* LaunchScreen.storyboard */ = {
			isa = PBXVariantGroup;
			children = (
				291E908C260D3E1D0062E4CF /* Base */,
			);
			name = LaunchScreen.storyboard;
			sourceTree = "<group>";
		};
/* End PBXVariantGroup section */

/* Begin XCBuildConfiguration section */
		291E90A5260D3E1D0062E4CF /* Debug */ = {
			isa = XCBuildConfiguration;
			buildSettings = {
				ALWAYS_SEARCH_USER_PATHS = NO;
				CLANG_ANALYZER_NONNULL = YES;
				CLANG_ANALYZER_NUMBER_OBJECT_CONVERSION = YES_AGGRESSIVE;
				CLANG_CXX_LANGUAGE_STANDARD = "gnu++14";
				CLANG_CXX_LIBRARY = "libc++";
				CLANG_ENABLE_MODULES = YES;
				CLANG_ENABLE_OBJC_ARC = YES;
				CLANG_ENABLE_OBJC_WEAK = YES;
				CLANG_WARN_BLOCK_CAPTURE_AUTORELEASING = YES;
				CLANG_WARN_BOOL_CONVERSION = YES;
				CLANG_WARN_COMMA = YES;
				CLANG_WARN_CONSTANT_CONVERSION = YES;
				CLANG_WARN_DEPRECATED_OBJC_IMPLEMENTATIONS = YES;
				CLANG_WARN_DIRECT_OBJC_ISA_USAGE = YES_ERROR;
				CLANG_WARN_DOCUMENTATION_COMMENTS = YES;
				CLANG_WARN_EMPTY_BODY = YES;
				CLANG_WARN_ENUM_CONVERSION = YES;
				CLANG_WARN_INFINITE_RECURSION = YES;
				CLANG_WARN_INT_CONVERSION = YES;
				CLANG_WARN_NON_LITERAL_NULL_CONVERSION = YES;
				CLANG_WARN_OBJC_IMPLICIT_RETAIN_SELF = YES;
				CLANG_WARN_OBJC_LITERAL_CONVERSION = YES;
				CLANG_WARN_OBJC_ROOT_CLASS = YES_ERROR;
				CLANG_WARN_QUOTED_INCLUDE_IN_FRAMEWORK_HEADER = YES;
				CLANG_WARN_RANGE_LOOP_ANALYSIS = YES;
				CLANG_WARN_STRICT_PROTOTYPES = YES;
				CLANG_WARN_SUSPICIOUS_MOVE = YES;
				CLANG_WARN_UNGUARDED_AVAILABILITY = YES_AGGRESSIVE;
				CLANG_WARN_UNREACHABLE_CODE = YES;
				CLANG_WARN__DUPLICATE_METHOD_MATCH = YES;
				COPY_PHASE_STRIP = NO;
				DEBUG_INFORMATION_FORMAT = dwarf;
				ENABLE_STRICT_OBJC_MSGSEND = YES;
				ENABLE_TESTABILITY = YES;
				GCC_C_LANGUAGE_STANDARD = gnu11;
				GCC_DYNAMIC_NO_PIC = NO;
				GCC_NO_COMMON_BLOCKS = YES;
				GCC_OPTIMIZATION_LEVEL = 0;
				GCC_PREPROCESSOR_DEFINITIONS = (
					"DEBUG=1",
					"$(inherited)",
				);
				GCC_WARN_64_TO_32_BIT_CONVERSION = YES;
				GCC_WARN_ABOUT_RETURN_TYPE = YES_ERROR;
				GCC_WARN_UNDECLARED_SELECTOR = YES;
				GCC_WARN_UNINITIALIZED_AUTOS = YES_AGGRESSIVE;
				GCC_WARN_UNUSED_FUNCTION = YES;
				GCC_WARN_UNUSED_VARIABLE = YES;
				IPHONEOS_DEPLOYMENT_TARGET = 14.4;
				MTL_ENABLE_DEBUG_INFO = INCLUDE_SOURCE;
				MTL_FAST_MATH = YES;
				ONLY_ACTIVE_ARCH = YES;
				SDKROOT = iphoneos;
				SWIFT_ACTIVE_COMPILATION_CONDITIONS = DEBUG;
				SWIFT_OPTIMIZATION_LEVEL = "-Onone";
			};
			name = Debug;
		};
		291E90A6260D3E1D0062E4CF /* Release */ = {
			isa = XCBuildConfiguration;
			buildSettings = {
				ALWAYS_SEARCH_USER_PATHS = NO;
				CLANG_ANALYZER_NONNULL = YES;
				CLANG_ANALYZER_NUMBER_OBJECT_CONVERSION = YES_AGGRESSIVE;
				CLANG_CXX_LANGUAGE_STANDARD = "gnu++14";
				CLANG_CXX_LIBRARY = "libc++";
				CLANG_ENABLE_MODULES = YES;
				CLANG_ENABLE_OBJC_ARC = YES;
				CLANG_ENABLE_OBJC_WEAK = YES;
				CLANG_WARN_BLOCK_CAPTURE_AUTORELEASING = YES;
				CLANG_WARN_BOOL_CONVERSION = YES;
				CLANG_WARN_COMMA = YES;
				CLANG_WARN_CONSTANT_CONVERSION = YES;
				CLANG_WARN_DEPRECATED_OBJC_IMPLEMENTATIONS = YES;
				CLANG_WARN_DIRECT_OBJC_ISA_USAGE = YES_ERROR;
				CLANG_WARN_DOCUMENTATION_COMMENTS = YES;
				CLANG_WARN_EMPTY_BODY = YES;
				CLANG_WARN_ENUM_CONVERSION = YES;
				CLANG_WARN_INFINITE_RECURSION = YES;
				CLANG_WARN_INT_CONVERSION = YES;
				CLANG_WARN_NON_LITERAL_NULL_CONVERSION = YES;
				CLANG_WARN_OBJC_IMPLICIT_RETAIN_SELF = YES;
				CLANG_WARN_OBJC_LITERAL_CONVERSION = YES;
				CLANG_WARN_OBJC_ROOT_CLASS = YES_ERROR;
				CLANG_WARN_QUOTED_INCLUDE_IN_FRAMEWORK_HEADER = YES;
				CLANG_WARN_RANGE_LOOP_ANALYSIS = YES;
				CLANG_WARN_STRICT_PROTOTYPES = YES;
				CLANG_WARN_SUSPICIOUS_MOVE = YES;
				CLANG_WARN_UNGUARDED_AVAILABILITY = YES_AGGRESSIVE;
				CLANG_WARN_UNREACHABLE_CODE = YES;
				CLANG_WARN__DUPLICATE_METHOD_MATCH = YES;
				COPY_PHASE_STRIP = NO;
				DEBUG_INFORMATION_FORMAT = "dwarf-with-dsym";
				ENABLE_NS_ASSERTIONS = NO;
				ENABLE_STRICT_OBJC_MSGSEND = YES;
				GCC_C_LANGUAGE_STANDARD = gnu11;
				GCC_NO_COMMON_BLOCKS = YES;
				GCC_WARN_64_TO_32_BIT_CONVERSION = YES;
				GCC_WARN_ABOUT_RETURN_TYPE = YES_ERROR;
				GCC_WARN_UNDECLARED_SELECTOR = YES;
				GCC_WARN_UNINITIALIZED_AUTOS = YES_AGGRESSIVE;
				GCC_WARN_UNUSED_FUNCTION = YES;
				GCC_WARN_UNUSED_VARIABLE = YES;
				IPHONEOS_DEPLOYMENT_TARGET = 14.4;
				MTL_ENABLE_DEBUG_INFO = NO;
				MTL_FAST_MATH = YES;
				SDKROOT = iphoneos;
				SWIFT_COMPILATION_MODE = wholemodule;
				SWIFT_OPTIMIZATION_LEVEL = "-O";
				VALIDATE_PRODUCT = YES;
			};
			name = Release;
		};
		291E90A8260D3E1D0062E4CF /* Debug */ = {
			isa = XCBuildConfiguration;
			baseConfigurationReference = 2193EAF3FCBDA3CE96E5DBE1 /* Pods-ValoStats.debug.xcconfig */;
			buildSettings = {
				ASSETCATALOG_COMPILER_APPICON_NAME = AppIcon;
				ASSETCATALOG_COMPILER_GLOBAL_ACCENT_COLOR_NAME = AccentColor;
				CODE_SIGN_STYLE = Automatic;
				INFOPLIST_FILE = ValoStats/Info.plist;
				LD_RUNPATH_SEARCH_PATHS = (
					"$(inherited)",
					"@executable_path/Frameworks",
				);
				PRODUCT_BUNDLE_IDENTIFIER = hudamir229.ValoStats;
				PRODUCT_NAME = "$(TARGET_NAME)";
				SWIFT_VERSION = 5.0;
				TARGETED_DEVICE_FAMILY = "1,2";
			};
			name = Debug;
		};
		291E90A9260D3E1D0062E4CF /* Release */ = {
			isa = XCBuildConfiguration;
			baseConfigurationReference = A80829F7DCD49E2CEA36C55F /* Pods-ValoStats.release.xcconfig */;
			buildSettings = {
				ASSETCATALOG_COMPILER_APPICON_NAME = AppIcon;
				ASSETCATALOG_COMPILER_GLOBAL_ACCENT_COLOR_NAME = AccentColor;
				CODE_SIGN_STYLE = Automatic;
				INFOPLIST_FILE = ValoStats/Info.plist;
				LD_RUNPATH_SEARCH_PATHS = (
					"$(inherited)",
					"@executable_path/Frameworks",
				);
				PRODUCT_BUNDLE_IDENTIFIER = hudamir229.ValoStats;
				PRODUCT_NAME = "$(TARGET_NAME)";
				SWIFT_VERSION = 5.0;
				TARGETED_DEVICE_FAMILY = "1,2";
			};
			name = Release;
		};
		291E90AB260D3E1D0062E4CF /* Debug */ = {
			isa = XCBuildConfiguration;
			baseConfigurationReference = 41CA959E1FFBE3315C1FB480 /* Pods-ValoStatsTests.debug.xcconfig */;
			buildSettings = {
				ALWAYS_EMBED_SWIFT_STANDARD_LIBRARIES = YES;
				BUNDLE_LOADER = "$(TEST_HOST)";
				CODE_SIGN_STYLE = Automatic;
				INFOPLIST_FILE = ValoStatsTests/Info.plist;
				IPHONEOS_DEPLOYMENT_TARGET = 14.4;
				LD_RUNPATH_SEARCH_PATHS = (
					"$(inherited)",
					"@executable_path/Frameworks",
					"@loader_path/Frameworks",
				);
				PRODUCT_BUNDLE_IDENTIFIER = hudamir229.ValoStatsTests;
				PRODUCT_NAME = "$(TARGET_NAME)";
				SWIFT_VERSION = 5.0;
				TARGETED_DEVICE_FAMILY = "1,2";
				TEST_HOST = "$(BUILT_PRODUCTS_DIR)/ValoStats.app/ValoStats";
			};
			name = Debug;
		};
		291E90AC260D3E1D0062E4CF /* Release */ = {
			isa = XCBuildConfiguration;
			baseConfigurationReference = AAF8BB325AAD47C1A308FD72 /* Pods-ValoStatsTests.release.xcconfig */;
			buildSettings = {
				ALWAYS_EMBED_SWIFT_STANDARD_LIBRARIES = YES;
				BUNDLE_LOADER = "$(TEST_HOST)";
				CODE_SIGN_STYLE = Automatic;
				INFOPLIST_FILE = ValoStatsTests/Info.plist;
				IPHONEOS_DEPLOYMENT_TARGET = 14.4;
				LD_RUNPATH_SEARCH_PATHS = (
					"$(inherited)",
					"@executable_path/Frameworks",
					"@loader_path/Frameworks",
				);
				PRODUCT_BUNDLE_IDENTIFIER = hudamir229.ValoStatsTests;
				PRODUCT_NAME = "$(TARGET_NAME)";
				SWIFT_VERSION = 5.0;
				TARGETED_DEVICE_FAMILY = "1,2";
				TEST_HOST = "$(BUILT_PRODUCTS_DIR)/ValoStats.app/ValoStats";
			};
			name = Release;
		};
		291E90AE260D3E1D0062E4CF /* Debug */ = {
			isa = XCBuildConfiguration;
			baseConfigurationReference = D44D1F22D637A637797BEC16 /* Pods-ValoStats-ValoStatsUITests.debug.xcconfig */;
			buildSettings = {
				ALWAYS_EMBED_SWIFT_STANDARD_LIBRARIES = YES;
				CODE_SIGN_STYLE = Automatic;
				INFOPLIST_FILE = ValoStatsUITests/Info.plist;
				LD_RUNPATH_SEARCH_PATHS = (
					"$(inherited)",
					"@executable_path/Frameworks",
					"@loader_path/Frameworks",
				);
				PRODUCT_BUNDLE_IDENTIFIER = hudamir229.ValoStatsUITests;
				PRODUCT_NAME = "$(TARGET_NAME)";
				SWIFT_VERSION = 5.0;
				TARGETED_DEVICE_FAMILY = "1,2";
				TEST_TARGET_NAME = ValoStats;
			};
			name = Debug;
		};
		291E90AF260D3E1D0062E4CF /* Release */ = {
			isa = XCBuildConfiguration;
			baseConfigurationReference = 5299E4B18FB66DA074687699 /* Pods-ValoStats-ValoStatsUITests.release.xcconfig */;
			buildSettings = {
				ALWAYS_EMBED_SWIFT_STANDARD_LIBRARIES = YES;
				CODE_SIGN_STYLE = Automatic;
				INFOPLIST_FILE = ValoStatsUITests/Info.plist;
				LD_RUNPATH_SEARCH_PATHS = (
					"$(inherited)",
					"@executable_path/Frameworks",
					"@loader_path/Frameworks",
				);
				PRODUCT_BUNDLE_IDENTIFIER = hudamir229.ValoStatsUITests;
				PRODUCT_NAME = "$(TARGET_NAME)";
				SWIFT_VERSION = 5.0;
				TARGETED_DEVICE_FAMILY = "1,2";
				TEST_TARGET_NAME = ValoStats;
			};
			name = Release;
		};
/* End XCBuildConfiguration section */

/* Begin XCConfigurationList section */
		291E9078260D3E170062E4CF /* Build configuration list for PBXProject "ValoStats" */ = {
			isa = XCConfigurationList;
			buildConfigurations = (
				291E90A5260D3E1D0062E4CF /* Debug */,
				291E90A6260D3E1D0062E4CF /* Release */,
			);
			defaultConfigurationIsVisible = 0;
			defaultConfigurationName = Release;
		};
		291E90A7260D3E1D0062E4CF /* Build configuration list for PBXNativeTarget "ValoStats" */ = {
			isa = XCConfigurationList;
			buildConfigurations = (
				291E90A8260D3E1D0062E4CF /* Debug */,
				291E90A9260D3E1D0062E4CF /* Release */,
			);
			defaultConfigurationIsVisible = 0;
			defaultConfigurationName = Release;
		};
		291E90AA260D3E1D0062E4CF /* Build configuration list for PBXNativeTarget "ValoStatsTests" */ = {
			isa = XCConfigurationList;
			buildConfigurations = (
				291E90AB260D3E1D0062E4CF /* Debug */,
				291E90AC260D3E1D0062E4CF /* Release */,
			);
			defaultConfigurationIsVisible = 0;
			defaultConfigurationName = Release;
		};
		291E90AD260D3E1D0062E4CF /* Build configuration list for PBXNativeTarget "ValoStatsUITests" */ = {
			isa = XCConfigurationList;
			buildConfigurations = (
				291E90AE260D3E1D0062E4CF /* Debug */,
				291E90AF260D3E1D0062E4CF /* Release */,
			);
			defaultConfigurationIsVisible = 0;
			defaultConfigurationName = Release;
		};
/* End XCConfigurationList section */

/* Begin XCRemoteSwiftPackageReference section */
		29B416002639EE7400074BA7 /* RemoteSwiftPackageReference */ = {
			isa = XCRemoteSwiftPackageReference;
			repositoryURL = "https://github.com/Alamofire/AlamofireImage";
			requirement = {
				kind = upToNextMajorVersion;
				minimumVersion = 4.2.0;
			};
		};
/* End XCRemoteSwiftPackageReference section */

/* Begin XCSwiftPackageProductDependency section */
		29B416012639EE7400074BA7 /* SwiftPackageProductDependency */ = {
			isa = XCSwiftPackageProductDependency;
			package = 29B416002639EE7400074BA7 /* RemoteSwiftPackageReference */;
			productName = AlamofireImage;
		};
/* End XCSwiftPackageProductDependency section */
	};
	rootObject = 291E9075260D3E170062E4CF /* Project object */;
}
